github.com/alecthomas/chroma v0.10.0 h1:7XDcGkCQopCNKjZHfYrNLraA+M7e0fMiJ/Mfikbfjek=
github.com/alecthomas/chroma v0.10.0/go.mod h1:jtJATyUxlIORhUOFNA9NZDWGAQ8wpxQQqNSB4rjA/1s=
github.com/aws/aws-sdk-go-v2 v1.27.2 h1:pLsTXqX93rimAOZG2FIYraDQstZaaGVVN4tNw65v0h8=
github.com/aws/aws-sdk-go-v2 v1.27.2/go.mod h1:ffIFB97e2yNsv4aTSGkqtHnppsIJzw7G7BReUZ3jCXM=
github.com/aws/aws-sdk-go-v2 v1.30.3 h1:jUeBtG0Ih+ZIFH0F4UkmL9w3cSpaMv9tYYDbzILP8dY=
github.com/aws/aws-sdk-go-v2 v1.30.3/go.mod h1:nIQjQVp5sfpQcTc9mPSr1B0PaWK5ByX9MOoDadSN4lc=
github.com/aws/aws-sdk-go-v2/aws/protocol/eventstream v1.6.2 h1:x6xsQXGSmW6frevwDA+vi/wqhp1ct18mVXYN08/93to=
github.com/aws/aws-sdk-go-v2/aws/protocol/eventstream v1.6.2/go.mod h1:lPprDr1e6cJdyYeGXnRaJoP4Md+cDBvi2eOj00BlGmg=
github.com/aws/aws-sdk-go-v2/config v1.27.18 h1:wFvAnwOKKe7QAyIxziwSKjmer9JBMH1vzIL6W+fYuKk=
github.com/aws/aws-sdk-go-v2/config v1.27.18/go.mod h1:0xz6cgdX55+kmppvPm2IaKzIXOheGJhAufacPJaXZ7c=
github.com/aws/aws-sdk-go-v2/credentials v1.17.18 h1:D/ALDWqK4JdY3OFgA2thcPO1c9aYTT5STS/CvnkqY1c=
github.com/aws/aws-sdk-go-v2/credentials v1.17.18/go.mod h1:JuitCWq+F5QGUrmMPsk945rop6bB57jdscu+Glozdnc=
github.com/aws/aws-sdk-go-v2/feature/ec2/imds v1.16.5 h1:dDgptDO9dxeFkXy+tEgVkzSClHZje/6JkPW5aZyEvrQ=
github.com/aws/aws-sdk-go-v2/feature/ec2/imds v1.16.5/go.mod h1:gjvE2KBUgUQhcv89jqxrIxH9GaKs1JbZzWejj/DaHGA=
github.com/aws/aws-sdk-go-v2/internal/configsources v1.3.9 h1:cy8ahBJuhtM8GTTSyOkfy6WVPV1IE+SS5/wfXUYuulw=
github.com/aws/aws-sdk-go-v2/internal/configsources v1.3.9/go.mod h1:CZBXGLaJnEZI6EVNcPd7a6B5IC5cA/GkRWtu9fp3S6Y=
github.com/aws/aws-sdk-go-v2/internal/configsources v1.3.15 h1:SoNJ4RlFEQEbtDcCEt+QG56MY4fm4W8rYirAmq+/DdU=
github.com/aws/aws-sdk-go-v2/internal/configsources v1.3.15/go.mod h1:U9ke74k1n2bf+RIgoX1SXFed1HLs51OgUSs+Ph0KJP8=
github.com/aws/aws-sdk-go-v2/internal/endpoints/v2 v2.6.9 h1:A4SYk07ef04+vxZToz9LWvAXl9LW0NClpPpMsi31cz0=
github.com/aws/aws-sdk-go-v2/internal/endpoints/v2 v2.6.9/go.mod h1:5jJcHuwDagxN+ErjQ3PU3ocf6Ylc/p9x+BLO/+X4iXw=
github.com/aws/aws-sdk-go-v2/internal/endpoints/v2 v2.6.15 h1:C6WHdGnTDIYETAm5iErQUiVNsclNx9qbJVPIt03B6bI=
github.com/aws/aws-sdk-go-v2/internal/endpoints/v2 v2.6.15/go.mod h1:ZQLZqhcu+JhSrA9/NXRm8SkDvsycE+JkV3WGY41e+IM=
github.com/aws/aws-sdk-go-v2/internal/ini v1.8.0 h1:hT8rVHwugYE2lEfdFE0QWVo81lF7jMrYJVDWI+f+VxU=
github.com/aws/aws-sdk-go-v2/internal/ini v1.8.0/go.mod h1:8tu/lYfQfFe6IGnaOdrpVgEL2IrrDOf6/m9RQum4NkY=
github.com/aws/aws-sdk-go-v2/internal/v4a v1.3.9 h1:vHyZxoLVOgrI8GqX7OMHLXp4YYoxeEsrjweXKpye+ds=
github.com/aws/aws-sdk-go-v2/internal/v4a v1.3.9/go.mod h1:z9VXZsWA2BvZNH1dT0ToUYwMu/CR9Skkj/TBX+mceZw=
github.com/aws/aws-sdk-go-v2/service/acm v1.26.2 h1:BAAPzljqPgzr4vJl1aI+qwWArot2Ev7jZy9i69Bysvo=
github.com/aws/aws-sdk-go-v2/service/acm v1.26.2/go.mod h1:UxBKNLjXNINYbDrT7DG7ZHYEK2qOT1m6XJeKY+LitbQ=
github.com/aws/aws-sdk-go-v2/service/cloudfront v1.36.6 h1:dYxK3oAOXbryNOs4qnWugEe6oWh50PWLPe/Y1CoJGzU=
github.com/aws/aws-sdk-go-v2/service/cloudfront v1.36.6/go.mod h1:tt1D2vhp2ZJbQ875VVxsXgx8z2OWaD4kgkSNqQd0EOc=
github.com/aws/aws-sdk-go-v2/service/cloudwatch v1.38.6 h1:UVjxYe8VGpwXYcmBcciBHlQrNssdEvntXCPWmnRR15U=
github.com/aws/aws-sdk-go-v2/service/cloudwatch v1.38.6/go.mod h1:4V6VDA0kZavRn71+sLpVna75oobnlG+gwtnNcBwZhu4=
github.com/aws/aws-sdk-go-v2/service/cloudwatchlogs v1.35.7 h1:kG3A4w9GMub28Cn9k0M5c0F1wQLbTCHMvsb9FlUXGu0=
github.com/aws/aws-sdk-go-v2/service/cloudwatchlogs v1.35.7/go.mod h1:Ibm/16D/pKg0k9InRCkG6DATLfHGMRWJ0QVS06ppVjs=
github.com/aws/aws-sdk-go-v2/service/dynamodb v1.32.8 h1:yOosUCdI/P+gfBd8uXk6lvZmrp7z2Xs8s1caIDP33lo=
github.com/aws/aws-sdk-go-v2/service/dynamodb v1.32.8/go.mod h1:4sYs0Krug9vn4cfDly4ExdbXJRqqZZBVDJNtBHGxCpQ=
github.com/aws/aws-sdk-go-v2/service/ec2 v1.163.1 h1:0RiDkJO1veM6/FQ+GJcGiIhZgPwXlscX29B0zFE4Ulo=
github.com/aws/aws-sdk-go-v2/service/ec2 v1.163.1/go.mod h1:gYk1NtyvkH1SxPcndDtfro3lwbiE5t0tW4eRki5YnOQ=
github.com/aws/aws-sdk-go-v2/service/ecs v1.44.3 h1:JkVDQ9mfUSwMOGWIEmyB74mIznjKnHykJSq3uwusBBs=
github.com/aws/aws-sdk-go-v2/service/ecs v1.44.3/go.mod h1:MsQWy/90Xwn3cy5u+eiiXqC521xIm21wOODIweLo4hs=
github.com/aws/aws-sdk-go-v2/service/eks v1.43.1 h1:RfpqqfRmDw4RMvNHmPesDBuMeaVDQhWgepAn6tP0aYI=
github.com/aws/aws-sdk-go-v2/service/eks v1.43.1/go.mod h1:oxKaTqwF6pHUbgA6/aOwVEZFK+Okv4tZMdb9m6AHjlg=
github.com/aws/aws-sdk-go-v2/service/elasticache v1.38.8 h1:y8kZastREinFhp2jcLjh+TeDQY4WpQ5qlB55XoDOj5o=
github.com/aws/aws-sdk-go-v2/service/elasticache v1.38.8/go.mod h1:kg37oVoLxcdwfXXAsboA9cj6IfgFoc0PWwltp9xy/rY=
github.com/aws/aws-sdk-go-v2/service/elasticloadbalancingv2 v1.31.3 h1:Avh8YS+sgb2OKRht0wdNwY8tqtsCzVrmc8dG8Wfy9LI=
github.com/aws/aws-sdk-go-v2/service/elasticloadbalancingv2 v1.31.3/go.mod h1:HbtHaw/hnNPaiqcyYnheILVyn81wOZiX9n2gYF5tPmM=
github.com/aws/aws-sdk-go-v2/service/iam v1.32.6 h1:NRlKKQ/BPHPqsuN2Hy6v4WA8/bsRTP0j8/BFPBC5+SU=
github.com/aws/aws-sdk-go-v2/service/iam v1.32.6/go.mod h1:S+s7/UH0UIqRX4GyXvZihMJNR9nqlB0kxO4NKSFeRak=
github.com/aws/aws-sdk-go-v2/service/internal/accept-encoding v1.11.2 h1:Ji0DY1xUsUr3I8cHps0G+XM3WWU16lP6yG8qu1GAZAs=
github.com/aws/aws-sdk-go-v2/service/internal/accept-encoding v1.11.2/go.mod h1:5CsjAbs3NlGQyZNFACh+zztPDI7fU6eW9QsxjfnuBKg=
github.com/aws/aws-sdk-go-v2/service/internal/checksum v1.3.11 h1:4vt9Sspk59EZyHCAEMaktHKiq0C09noRTQorXD/qV+s=
github.com/aws/aws-sdk-go-v2/service/internal/checksum v1.3.11/go.mod h1:5jHR79Tv+Ccq6rwYh+W7Nptmw++WiFafMfR42XhwNl8=
github.com/aws/aws-sdk-go-v2/service/internal/endpoint-discovery v1.9.10 h1:+ijk29Q2FlKCinEzG6GE3IcOyBsmPNUmFq/L82pSyhI=
github.com/aws/aws-sdk-go-v2/service/internal/endpoint-discovery v1.9.10/go.mod h1:D9WZXFWtJD76gmV2ZciWcY8BJBFdCblqdfF9OmkrwVU=
github.com/aws/aws-sdk-go-v2/service/internal/presigned-url v1.11.11 h1:o4T+fKxA3gTMcluBNZZXE9DNaMkJuUL1O3mffCUjoJo=
github.com/aws/aws-sdk-go-v2/service/internal/presigned-url v1.11.11/go.mod h1:84oZdJ+VjuJKs9v1UTC9NaodRZRseOXCTgku+vQJWR8=
github.com/aws/aws-sdk-go-v2/service/internal/s3shared v1.17.9 h1:TE2i0A9ErH1YfRSvXfCr2SQwfnqsoJT9nPQ9kj0lkxM=
github.com/aws/aws-sdk-go-v2/service/internal/s3shared v1.17.9/go.mod h1:9TzXX3MehQNGPwCZ3ka4CpwQsoAMWSF48/b+De9rfVM=
github.com/aws/aws-sdk-go-v2/service/kms v1.32.3 h1:PtuDgLHjTq9JgykpX93EqGHlbNK0ju8xuDMcdD1Uo5I=
github.com/aws/aws-sdk-go-v2/service/kms v1.32.3/go.mod h1:uQiZ8PiSsPZuVC+hYKe/bSDZEhejdQW8GRemyUp0hio=
github.com/aws/aws-sdk-go-v2/service/lambda v1.54.6 h1:UMu5aeSubjM9geSuPCGOgBAZa0JvsXxJBFXmKgUuisM=
github.com/aws/aws-sdk-go-v2/service/lambda v1.54.6/go.mod h1:fWbFM4/v+IgUW+p4TooAXuhmiQyC5qxMV5gUqxDII2g=
github.com/aws/aws-sdk-go-v2/service/rds v1.79.6 h1:NX0OiCFYFc/p1Ufimr+kJkXCCFZe9FnUoQmG5mMrYfg=
github.com/aws/aws-sdk-go-v2/service/rds v1.79.6/go.mod h1:fZ+i+g1q3unIVP0qfYYyJd80W8aiyQJ6Wsij/HFj9W0=
github.com/aws/aws-sdk-go-v2/service/route53 v1.40.10 h1:J9uHribwEgHmesH5r0enxsZYyiGBWd2AaExSW2SydqE=
github.com/aws/aws-sdk-go-v2/service/route53 v1.40.10/go.mod h1:tdzmlLwRjsHJjd4XXoSSnubCkVdRa39y4jCp4RACMkY=
github.com/aws/aws-sdk-go-v2/service/s3 v1.55.1 h1:UAxBuh0/8sFJk1qOkvOKewP5sWeWaTPDknbQz0ZkDm0=
github.com/aws/aws-sdk-go-v2/service/s3 v1.55.1/go.mod h1:hWjsYGjVuqCgfoveVcVFPXIWgz0aByzwaxKlN1StKcM=
github.com/aws/aws-sdk-go-v2/service/secretsmanager v1.29.3 h1:+pg3v9mWOmnR01Pxd0dcsDWSLN0GWbcFiKf2YgZ4+SY=
github.com/aws/aws-sdk-go-v2/service/secretsmanager v1.29.3/go.mod h1:M9TqBwpQ7AC6zu1Yji7vijRliqir7hxjuRcnxIk7jCc=
github.com/aws/aws-sdk-go-v2/service/servicequotas v1.21.10 h1:B4VK4LEI/L5dtYq2Omzt4XQ9WwtZX7I+YwmkhcDdEV8=
github.com/aws/aws-sdk-go-v2/service/servicequotas v1.21.10/go.mod h1:jAMj6BiwJo5rCrR97LdKlo1M494krOfnPJCS6X7etcU=
github.com/aws/aws-sdk-go-v2/service/sns v1.29.11 h1:cZN4fMAERLi1Q4ZklHj1ru0oFSQ5Dacad0cY26gu/Fc=
github.com/aws/aws-sdk-go-v2/service/sns v1.29.11/go.mod h1:au0J6BWDeQfeyItMkuqT6fhhyZ3cVARGC9FVEDaz+Fk=
github.com/aws/aws-sdk-go-v2/service/sqs v1.32.6 h1:FrGnU+Ggf+jUFj1O7Pdw5hCk42dmyO9TOTCVL7mDISk=
github.com/aws/aws-sdk-go-v2/service/sqs v1.32.6/go.mod h1:2Ef3ZgVWL7lyz5YZf854YkMboK6qF1NbG/0hc9StZsg=
github.com/aws/aws-sdk-go-v2/service/ssm v1.50.6 h1:E+gbKlOadAI0qV+8uh0JnYmkRJi7k7XvMXcKso0Inyc=
github.com/aws/aws-sdk-go-v2/service/ssm v1.50.6/go.mod h1:vR37XXoCLx2fzr/fUaTQoQ6ZlBK8Ua6VLnxLfxN6vLY=
github.com/aws/aws-sdk-go-v2/service/sso v1.20.11 h1:gEYM2GSpr4YNWc6hCd5nod4+d4kd9vWIAWrmGuLdlMw=
github.com/aws/aws-sdk-go-v2/service/sso v1.20.11/go.mod h1:gVvwPdPNYehHSP9Rs7q27U1EU+3Or2ZpXvzAYJNh63w=
github.com/aws/aws-sdk-go-v2/service/ssooidc v1.24.5 h1:iXjh3uaH3vsVcnyZX7MqCoCfcyxIrVE9iOQruRaWPrQ=
github.com/aws/aws-sdk-go-v2/service/ssooidc v1.24.5/go.mod h1:5ZXesEuy/QcO0WUnt+4sDkxhdXRHTu2yG0uCSH8B6os=
github.com/aws/aws-sdk-go-v2/service/sts v1.28.12 h1:M/1u4HBpwLuMtjlxuI2y6HoVLzF5e2mfxHCg7ZVMYmk=
github.com/aws/aws-sdk-go-v2/service/sts v1.28.12/go.mod h1:kcfd+eTdEi/40FIbLq4Hif3XMXnl5b/+t/KTfLt9xIk=
github.com/aws/smithy-go v1.20.2 h1:tbp628ireGtzcHDDmLT/6ADHidqnwgF57XOXZe6tp4Q=
github.com/aws/smithy-go v1.20.2/go.mod h1:krry+ya/rV9RDcV/Q16kpu6ypI4K2czasz0NC3qS14E=
github.com/aws/smithy-go v1.20.3 h1:ryHwveWzPV5BIof6fyDvor6V3iUL7nTfiTKXHiW05nE=
github.com/aws/smithy-go v1.20.3/go.mod h1:krry+ya/rV9RDcV/Q16kpu6ypI4K2czasz0NC3qS14E=
github.com/davecgh/go-spew v1.1.0/go.mod h1:J7Y8YcW2NihsgmVo/mv3lAwl/skON4iLHjSsI+c5H38=
github.com/davecgh/go-spew v1.1.1 h1:vj9j/u1bqnvCEfJOwUhtlOARqs3+rkHYY13jYWTU97c=
github.com/davecgh/go-spew v1.1.1/go.mod h1:J7Y8YcW2NihsgmVo/mv3lAwl/skON4iLHjSsI+c5H38=
github.com/dlclark/regexp2 v1.4.0/go.mod h1:2pZnwuY/m+8K6iRw6wQdMtk+rH5tNGR1i55kozfMjCc=
github.com/dlclark/regexp2 v1.11.0 h1:G/nrcoOa7ZXlpoa/91N3X7mM3r8eIlMBBJZvsz/mxKI=
github.com/dlclark/regexp2 v1.11.0/go.mod h1:DHkYz0B9wPfa6wondMfaivmHpzrQ3v9q8cnmRbL6yW8=
github.com/gdamore/encoding v1.0.0/go.mod h1:alR0ol34c49FCSBLjhosxzcPHQbf2trDkoo5dl+VrEg=
github.com/gdamore/encoding v1.0.1 h1:YzKZckdBL6jVt2Gc+5p82qhrGiqMdG/eNs6Wy0u3Uhw=
github.com/gdamore/encoding v1.0.1/go.mod h1:0Z0cMFinngz9kS1QfMjCP8TY7em3bZYeeklsSDPivEo=
github.com/gdamore/tcell/v2 v2.7.4 h1:sg6/UnTM9jGpZU+oFYAsDahfchWAFW8Xx2yFinNSAYU=
github.com/gdamore/tcell/v2 v2.7.4/go.mod h1:dSXtXTSK0VsW1biw65DZLZ2NKr7j0qP/0J7ONmsraWg=
github.com/jmespath/go-jmespath v0.4.0 h1:BEgLn5cpjn8UN1mAw4NjwDrS35OdebyEtFe+9YPoQUg=
github.com/jmespath/go-jmespath v0.4.0/go.mod h1:T8mJZnbsbmF+m6zOOFylbeCJqk5+pHWvzYPziyZiYoo=
github.com/jmespath/go-jmespath/internal/testify v1.5.1 h1:shLQSRRSCCPj3f2gpwzGwWFoC7ycTf1rcQZHOlsJ6N8=
github.com/jmespath/go-jmespath/internal/testify v1.5.1/go.mod h1:L3OGu8Wl2/fWfCI6z80xFu9LTZmf1ZRjMHUOPmWr69U=
github.com/lucasb-eyer/go-colorful v1.2.0 h1:1nnpGOrhyZZuNyfu1QjKiUICQ74+3FNCN69Aj6K7nkY=
github.com/lucasb-eyer/go-colorful v1.2.0/go.mod h1:R4dSotOR9KMtayYi1e77YzuveK+i7ruzyGqttikkLy0=
github.com/mattn/go-runewidth v0.0.15 h1:UNAjwbU9l54TA3KzvqLGxwWjHmMgBUVhBiTjelZgg3U=
github.com/mattn/go-runewidth v0.0.15/go.mod h1:Jdepj2loyihRzMpdS35Xk/zdY8IAYHsh153qUoGf23w=
github.com/pmezard/go-difflib v1.0.0 h1:4DBwDE0NGyQoBHbLQYPwSUPoCMWR5BEzIk/f1lZbAQM=
github.com/pmezard/go-difflib v1.0.0/go.mod h1:iKH77koFhYxTK1pcRnkKkqfTogsbg7gZNVY4sRDYZ/4=
github.com/rivo/tview v0.0.0-20240524063012-037df494fb76 h1:iqvDlgyjmqleATtFbA7c14djmPh2n4mCYUv7JlD/ruA=
github.com/rivo/tview v0.0.0-20240524063012-037df494fb76/go.mod h1:02iFIz7K/A9jGCvrizLPvoqr4cEIx7q54RH5Qudkrss=
github.com/rivo/uniseg v0.2.0/go.mod h1:J6wj4VEh+S6ZtnVlnTBMWIodfgj8LQOQFoIToxlJtxc=
github.com/rivo/uniseg v0.4.3/go.mod h1:FN3SvrM+Zdj16jyLfmOkMNblXMcoc8DfTHruCPUcx88=
github.com/rivo/uniseg v0.4.7 h1:WUdvkW8uEhrYfLC4ZzdpI2ztxP1I582+49Oc5Mq64VQ=
github.com/rivo/uniseg v0.4.7/go.mod h1:FN3SvrM+Zdj16jyLfmOkMNblXMcoc8DfTHruCPUcx88=
github.com/stretchr/objx v0.1.0/go.mod h1:HFkY916IF+rwdDfMAkV7OtwuqBVzrE8GR6GFx+wExME=
github.com/stretchr/testify v1.7.0 h1:nwc3DEeHmmLAfoZucVR881uASk0Mfjw8xYJ99tb5CcY=
github.com/stretchr/testify v1.7.0/go.mod h1:6Fq8oRcR53rry900zMqJjRRixrwX3KX962/h/Wwjteg=
github.com/yuin/goldmark v1.4.13/go.mod h1:6yULJ656Px+3vBD8DxQVa3kxgyrAnzto9xy5taEt/CY=
golang.org/x/crypto v0.0.0-20190308221718-c2843e01d9a2/go.mod h1:djNgcEr1/C05ACkg1iLfiJU5Ep61QUkGW8qpdssI0+w=
golang.org/x/crypto v0.0.0-20210921155107-089bfa567519/go.mod h1:GvvjBRRGRdwPK5ydBHafDWAxML/pGHZbMvKqRZ5+Abc=
golang.org/x/mod v0.6.0-dev.0.20220419223038-86c51ed26bb4/go.mod h1:jJ57K6gSWd91VN4djpZkiMVwK6gcyfeH4XE8wZrZaV4=
golang.org/x/mod v0.8.0/go.mod h1:iBbtSCu2XBx23ZKBPSOrRkjjQPZFPuis4dIYUhu/chs=
golang.org/x/net v0.0.0-20190620200207-3b0461eec859/go.mod h1:z5CRVTTTmAJ677TzLLGU+0bjPO0LkuOLi4/5GtJWs/s=
golang.org/x/net v0.0.0-20210226172049-e18ecbb05110/go.mod h1:m0MpNAwzfU5UDzcl9v0D8zg8gWTRqZa9RBIspLL5mdg=
golang.org/x/net v0.0.0-20220722155237-a158d28d115b/go.mod h1:XRhObCWvk6IyKnWLug+ECip1KBveYUHfp+8e9klMJ9c=
golang.org/x/net v0.6.0/go.mod h1:2Tu9+aMcznHK/AK1HMvgo6xiTLG5rD5rZLDS+rp2Bjs=
golang.org/x/sync v0.0.0-20190423024810-112230192c58/go.mod h1:RxMgew5VJxzue5/jJTE5uejpjVlOe/izrB70Jof72aM=
golang.org/x/sync v0.0.0-20220722155255-886fb9371eb4/go.mod h1:RxMgew5VJxzue5/jJTE5uejpjVlOe/izrB70Jof72aM=
golang.org/x/sync v0.1.0/go.mod h1:RxMgew5VJxzue5/jJTE5uejpjVlOe/izrB70Jof72aM=
golang.org/x/sys v0.0.0-20190215142949-d0b11bdaac8a/go.mod h1:STP8DvDyc/dI5b8T5hshtkjS+E42TnysNCUPdjciGhY=
golang.org/x/sys v0.0.0-20201119102817-f84b799fce68/go.mod h1:h1NjWce9XRLGQEsW7wpKNCjG9DtNlClVuFLEZdDNbEs=
golang.org/x/sys v0.0.0-20210615035016-665e8c7367d1/go.mod h1:oPkhp1MJrh7nUepCBck5+mAzfO9JrbApNNgaTdGDITg=
golang.org/x/sys v0.0.0-20220520151302-bc2c85ada10a/go.mod h1:oPkhp1MJrh7nUepCBck5+mAzfO9JrbApNNgaTdGDITg=
golang.org/x/sys v0.0.0-20220722155257-8c9f86f7a55f/go.mod h1:oPkhp1MJrh7nUepCBck5+mAzfO9JrbApNNgaTdGDITg=
golang.org/x/sys v0.5.0/go.mod h1:oPkhp1MJrh7nUepCBck5+mAzfO9JrbApNNgaTdGDITg=
golang.org/x/sys v0.17.0/go.mod h1:/VUhepiaJMQUp4+oa/7Zr1D23ma6VTLIYjOOTFZPUcA=
golang.org/x/sys v0.21.0 h1:rF+pYz3DAGSQAxAu1CbC7catZg4ebC4UIeIhKxBZvws=
golang.org/x/sys v0.21.0/go.mod h1:/VUhepiaJMQUp4+oa/7Zr1D23ma6VTLIYjOOTFZPUcA=
golang.org/x/term v0.0.0-20201126162022-7de9c90e9dd1/go.mod h1:bj7SfCRtBDWHUb9snDiAeCFNEtKQo2Wmx5Cou7ajbmo=
golang.org/x/term v0.0.0-20210927222741-03fcf44c2211/go.mod h1:jbD1KX2456YbFQfuXm/mYQcufACuNUgVhRMnK/tPxf8=
golang.org/x/term v0.5.0/go.mod h1:jMB1sMXY+tzblOD4FWmEbocvup2/aLOaQEp7JmGp78k=
golang.org/x/term v0.17.0/go.mod h1:lLRBjIVuehSbZlaOtGMbcMncT+aqLLLmKrsjNrUguwk=
golang.org/x/term v0.21.0 h1:WVXCp+/EBEHOj53Rvu+7KiT/iElMrO8ACK16SMZ3jaA=
golang.org/x/term v0.21.0/go.mod h1:ooXLefLobQVslOqselCNF4SxFAaoS6KujMbsGzSDmX0=
golang.org/x/text v0.3.0/go.mod h1:NqM8EUOU14njkJ3fqMW+pc6Ldnwhi/IjpwHt7yyuwOQ=
golang.org/x/text v0.3.3/go.mod h1:5Zoc/QRtKVWzQhOtBMvqHzDpF6irO9z98xDceosuGiQ=
golang.org/x/text v0.3.7/go.mod h1:u+2+/6zg+i71rQMx5EYifcz6MCKuco9NR6JIITiCfzQ=
golang.org/x/text v0.7.0/go.mod h1:mrYo+phRRbMaCq/xk9113O4dZlRixOauAjOtrjsXDZ8=
golang.org/x/text v0.14.0/go.mod h1:18ZOQIKpY8NJVqYksKHtTdi31H5itFRjB5/qKTNYzSU=
golang.org/x/text v0.16.0 h1:a94ExnEXNtEwYLGJSIUxnWoxoRz/ZcCsV63ROupILh4=
golang.org/x/text v0.16.0/go.mod h1:GhwF1Be+LQoKShO3cGOHzqOgRrGaYc9AvblQOmPVHnI=
golang.org/x/tools v0.0.0-20180917221912-90fa682c2a6e/go.mod h1:n7NCudcB/nEzxVGmLbDWY5pfWTLqBcC2KZ6jyYvM4mQ=
golang.org/x/tools v0.0.0-20191119224855-298f0cb1881e/go.mod h1:b+2E5dAYhXwXZwtnZ6UAqBI28+e2cm9otk0dWdXHAEo=
golang.org/x/tools v0.1.12/go.mod h1:hNGJHUnrk76NpqgfD5Aqm5Crs+Hm0VOH/i9J2+nxYbc=
golang.org/x/tools v0.6.0/go.mod h1:Xwgl3UAJ/d3gWutnCtw505GrjyAbvKui8lOU390QaIU=
golang.org/x/xerrors v0.0.0-20190717185122-a985d3407aa7/go.mod h1:I/5z698sn9Ka8TeJc9MKroUUfqBBauWjQqLJ2OPfmY0=
gopkg.in/check.v1 v0.0.0-20161208181325-20d25e280405/go.mod h1:Co6ibVJAznAaIkqp8huTwlJQCZ016jof/cbN4VW5Yz0=
gopkg.in/yaml.v2 v2.2.8 h1:obN1ZagJSUGI0Ek/LBmuj4SNLPfIny3KsKFopxRdj10=
gopkg.in/yaml.v2 v2.2.8/go.mod h1:hI93XBmqTisBFMUTm0b8Fm+jr3Dg1NNxqwp+5A1VGuI=
gopkg.in/yaml.v3 v3.0.0-20200313102051-9f266ea9e77c h1:dUUwHk2QECo/6vqA44rthZ8ie2QXMNeKRTHCNY2nXvo=
gopkg.in/yaml.v3 v3.0.0-20200313102051-9f266ea9e77c/go.mod h1:K4uyk7z7BCEPqu6E+C64Yfv1cQ7kz7rIZviUmN+EgEM=
